{
  "name": "mssql_tester",
  "version": "1.0.0",
  "lockfileVersion": 1,
  "requires": true,
  "dependencies": {
    "chardet": {
      "version": "0.4.2",
      "resolved": "https://registry.npmjs.org/chardet/-/chardet-0.4.2.tgz",
      "integrity": "sha1-tUc7M9yXxCTl2Y3IfVXU2KKci/I="
    }
  }
}
